// !$*UTF8*$!
{
	archiveVersion = 1;
	classes = {
	};
	objectVersion = 46;
	objects = {

/* Begin PBXBuildFile section */
		60056B0C1F9E9C9000FCE1BF /* SafariServices.framework in Frameworks */ = {isa = PBXBuildFile; fileRef = 60056B0B1F9E9C6300FCE1BF /* SafariServices.framework */; };
		601ADB081FACDEDD00B6D975 /* OnboardingSteps.storyboard in Resources */ = {isa = PBXBuildFile; fileRef = 601ADB071FACDEDD00B6D975 /* OnboardingSteps.storyboard */; };
		60F7A13A1E89C76E00B123FA /* Assets.xcassets in Resources */ = {isa = PBXBuildFile; fileRef = 60F7A1391E89C76E00B123FA /* Assets.xcassets */; };
		60F7A13D1E89C76E00B123FA /* LaunchScreen.storyboard in Resources */ = {isa = PBXBuildFile; fileRef = 60F7A13B1E89C76E00B123FA /* LaunchScreen.storyboard */; };
		60F7A1E31E89CAFB00B123FA /* BridgeInfo.plist in Resources */ = {isa = PBXBuildFile; fileRef = 60F7A1DE1E89CAFB00B123FA /* BridgeInfo.plist */; };
		60F7A20F1E89D0B200B123FA /* ResearchKit.framework in Frameworks */ = {isa = PBXBuildFile; fileRef = 60F7A20E1E89D0B200B123FA /* ResearchKit.framework */; };
		60F7A2101E89D0B200B123FA /* ResearchKit.framework in Embed Frameworks */ = {isa = PBXBuildFile; fileRef = 60F7A20E1E89D0B200B123FA /* ResearchKit.framework */; settings = {ATTRIBUTES = (CodeSignOnCopy, RemoveHeadersOnCopy, ); }; };
		60F7A2121E89D0B200B123FA /* ResearchUXFactory.framework in Frameworks */ = {isa = PBXBuildFile; fileRef = 60F7A2111E89D0B200B123FA /* ResearchUXFactory.framework */; };
		60F7A2131E89D0B200B123FA /* ResearchUXFactory.framework in Embed Frameworks */ = {isa = PBXBuildFile; fileRef = 60F7A2111E89D0B200B123FA /* ResearchUXFactory.framework */; settings = {ATTRIBUTES = (CodeSignOnCopy, RemoveHeadersOnCopy, ); }; };
		60F7A2151E89D0B200B123FA /* BridgeSDK.framework in Frameworks */ = {isa = PBXBuildFile; fileRef = 60F7A2141E89D0B200B123FA /* BridgeSDK.framework */; };
		60F7A2161E89D0B200B123FA /* BridgeSDK.framework in Embed Frameworks */ = {isa = PBXBuildFile; fileRef = 60F7A2141E89D0B200B123FA /* BridgeSDK.framework */; settings = {ATTRIBUTES = (CodeSignOnCopy, RemoveHeadersOnCopy, ); }; };
		60F7A2171E89D0B200B123FA /* BridgeAppSDK.framework in Frameworks */ = {isa = PBXBuildFile; fileRef = 60F7A2071E89D01100B123FA /* BridgeAppSDK.framework */; };
		60F7A2181E89D0B200B123FA /* BridgeAppSDK.framework in Embed Frameworks */ = {isa = PBXBuildFile; fileRef = 60F7A2071E89D01100B123FA /* BridgeAppSDK.framework */; settings = {ATTRIBUTES = (CodeSignOnCopy, RemoveHeadersOnCopy, ); }; };
		801281881FB7C00300AA52D6 /* TaskGroupTableViewController.swift in Sources */ = {isa = PBXBuildFile; fileRef = 801281811FB7C00200AA52D6 /* TaskGroupTableViewController.swift */; };
		8012818A1FB7C05900AA52D6 /* GroupedScheduledActivityManager.swift in Sources */ = {isa = PBXBuildFile; fileRef = 801281891FB7C05900AA52D6 /* GroupedScheduledActivityManager.swift */; };
		8012818C1FB8F71E00AA52D6 /* MasterScheduledActivityManager.swift in Sources */ = {isa = PBXBuildFile; fileRef = 8012818B1FB8F71D00AA52D6 /* MasterScheduledActivityManager.swift */; };
		801281901FB901BE00AA52D6 /* ChallengeTableViewCell.swift in Sources */ = {isa = PBXBuildFile; fileRef = 8012818F1FB901BE00AA52D6 /* ChallengeTableViewCell.swift */; };
		80B3FB531FB51EC900B81B6E /* FitbitStep.swift in Sources */ = {isa = PBXBuildFile; fileRef = 80B3FB4C1FB51EC900B81B6E /* FitbitStep.swift */; };
		80D529091FB26A17007B9B26 /* MyJourneyViewController.swift in Sources */ = {isa = PBXBuildFile; fileRef = 80D529021FB26A17007B9B26 /* MyJourneyViewController.swift */; };
		80D5290C1FB26C2E007B9B26 /* TaskGroup.swift in Sources */ = {isa = PBXBuildFile; fileRef = 80D5290A1FB26C2D007B9B26 /* TaskGroup.swift */; };
		80D5290D1FB26C2E007B9B26 /* Schedule.swift in Sources */ = {isa = PBXBuildFile; fileRef = 80D5290B1FB26C2D007B9B26 /* Schedule.swift */; };
		80E8D1BC1FB5460A00A695C5 /* OnboardingSurvey.json in Resources */ = {isa = PBXBuildFile; fileRef = 80E8D1BB1FB5460A00A695C5 /* OnboardingSurvey.json */; };
		F86B8756200E860B00772B6D /* HealthKit.framework in Frameworks */ = {isa = PBXBuildFile; fileRef = F86B8755200E860B00772B6D /* HealthKit.framework */; };
		FF1CC78A1FB3D20100EF03A1 /* CRFHeartRateStepViewController.swift in Sources */ = {isa = PBXBuildFile; fileRef = FF1CC7891FB3D20100EF03A1 /* CRFHeartRateStepViewController.swift */; };
		FF237EBE1FA9248D007E8A5F /* CRFTaskFactory.swift in Sources */ = {isa = PBXBuildFile; fileRef = FF237EBD1FA9248D007E8A5F /* CRFTaskFactory.swift */; };
		FF2A1D571FB174570095044A /* CRFHeartRateRecorder.swift in Sources */ = {isa = PBXBuildFile; fileRef = FF2A1D561FB174570095044A /* CRFHeartRateRecorder.swift */; };
		FF2A1D5A1FB176BC0095044A /* CRFLocationRecorder.swift in Sources */ = {isa = PBXBuildFile; fileRef = FF2A1D591FB176BC0095044A /* CRFLocationRecorder.swift */; };
		FF4043FA1FBAA1F1000EF2A0 /* AVFoundation.framework in Frameworks */ = {isa = PBXBuildFile; fileRef = FF4043F91FBAA18D000EF2A0 /* AVFoundation.framework */; };
		FF4043FB1FBAA202000EF2A0 /* CoreLocation.framework in Frameworks */ = {isa = PBXBuildFile; fileRef = FF4043F81FBAA17B000EF2A0 /* CoreLocation.framework */; };
		FF4043FC1FBAA20C000EF2A0 /* CoreMotion.framework in Frameworks */ = {isa = PBXBuildFile; fileRef = FF4043F71FBAA170000EF2A0 /* CoreMotion.framework */; };
		FF55C41F1FAAEB3D004EDB59 /* TaskIntroductionStepViewController.swift in Sources */ = {isa = PBXBuildFile; fileRef = FF55C41E1FAAEB3D004EDB59 /* TaskIntroductionStepViewController.swift */; };
		FF55C4201FAAF79A004EDB59 /* Cardio_12MT.html in Resources */ = {isa = PBXBuildFile; fileRef = FF55C4141FAAD9F7004EDB59 /* Cardio_12MT.html */; };
		FF55C4211FAAF79C004EDB59 /* Stair_Step.html in Resources */ = {isa = PBXBuildFile; fileRef = FF55C4131FAAD9DA004EDB59 /* Stair_Step.html */; };
		FF569BF41FB63CFA005F525A /* Cardio_Stress.json in Resources */ = {isa = PBXBuildFile; fileRef = FF569BED1FB63CF9005F525A /* Cardio_Stress.json */; };
		FF569BF61FB63FCA005F525A /* Stress_Test.html in Resources */ = {isa = PBXBuildFile; fileRef = FF569BF51FB63FCA005F525A /* Stress_Test.html */; };
		FF5D8B771FB522F70003B0FC /* Cardio_Stair_Step.json in Resources */ = {isa = PBXBuildFile; fileRef = FF5D8B701FB522F60003B0FC /* Cardio_Stair_Step.json */; };
		FF5D8B7D1FB526F80003B0FC /* CRFCameraShutterButton.swift in Sources */ = {isa = PBXBuildFile; fileRef = FF5D8B7C1FB526F80003B0FC /* CRFCameraShutterButton.swift */; };
		FF5D8B7F1FB528BC0003B0FC /* CRFCameraStepViewController.swift in Sources */ = {isa = PBXBuildFile; fileRef = FF5D8B7E1FB528BC0003B0FC /* CRFCameraStepViewController.swift */; };
		FF5D8B811FB535340003B0FC /* CRFStairStepViewController.swift in Sources */ = {isa = PBXBuildFile; fileRef = FF5D8B801FB535340003B0FC /* CRFStairStepViewController.swift */; };
		FF7707611FB43D8000658074 /* heartrate.json in Resources */ = {isa = PBXBuildFile; fileRef = FF77075A1FB43D7F00658074 /* heartrate.json */; };
		FF7707641FB43E1200658074 /* HeartRateRecorderTests.swift in Sources */ = {isa = PBXBuildFile; fileRef = FF7707631FB43E1200658074 /* HeartRateRecorderTests.swift */; };
		FF7752381F7093AF004925B8 /* SurveyFactory.swift in Sources */ = {isa = PBXBuildFile; fileRef = FF7752371F7093AF004925B8 /* SurveyFactory.swift */; };
		FF7752461F709D5D004925B8 /* StudyOverviewViewController.swift in Sources */ = {isa = PBXBuildFile; fileRef = FF7752451F709D5D004925B8 /* StudyOverviewViewController.swift */; };
		FF7752481F709D71004925B8 /* StudyOverview.storyboard in Resources */ = {isa = PBXBuildFile; fileRef = FF7752471F709D71004925B8 /* StudyOverview.storyboard */; };
		FF7752591F70A465004925B8 /* BridgeInfo-private.plist in Resources */ = {isa = PBXBuildFile; fileRef = FF7752581F70A465004925B8 /* BridgeInfo-private.plist */; };
		FF77525B1F70A475004925B8 /* crf-module.pem in Resources */ = {isa = PBXBuildFile; fileRef = FF77525A1F70A475004925B8 /* crf-module.pem */; };
		FF7752841F722C95004925B8 /* UIColor+CMAdditions.swift in Sources */ = {isa = PBXBuildFile; fileRef = FF7752831F722C95004925B8 /* UIColor+CMAdditions.swift */; };
		FF7752861F722CB4004925B8 /* UIColor+BridgeMapping.swift in Sources */ = {isa = PBXBuildFile; fileRef = FF7752851F722CB4004925B8 /* UIColor+BridgeMapping.swift */; };
		FF78FC8E1FA7B49900B8D42C /* Cardio_12MT.json in Resources */ = {isa = PBXBuildFile; fileRef = FF78FC8D1FA7B49800B8D42C /* Cardio_12MT.json */; };
		FF78FC901FA7B8DB00B8D42C /* HeartrateStep.json in Resources */ = {isa = PBXBuildFile; fileRef = FF78FC8F1FA7B8DB00B8D42C /* HeartrateStep.json */; };
		FF88D5051FB66D0D003BB844 /* Background_Survey.json in Resources */ = {isa = PBXBuildFile; fileRef = FF88D4FE1FB66D0D003BB844 /* Background_Survey.json */; };
		FF9D7F691FA8F958008506DB /* ActiveTaskSteps.storyboard in Resources */ = {isa = PBXBuildFile; fileRef = FF9D7F681FA8F957008506DB /* ActiveTaskSteps.storyboard */; };
		FFA0E4521FD117A400C36AE7 /* ResearchSuiteUI.framework in Frameworks */ = {isa = PBXBuildFile; fileRef = FFA0E44D1FD1179800C36AE7 /* ResearchSuiteUI.framework */; };
		FFA0E4531FD117A400C36AE7 /* ResearchSuiteUI.framework in Embed Frameworks */ = {isa = PBXBuildFile; fileRef = FFA0E44D1FD1179800C36AE7 /* ResearchSuiteUI.framework */; settings = {ATTRIBUTES = (CodeSignOnCopy, RemoveHeadersOnCopy, ); }; };
		FFA0E4561FD117B900C36AE7 /* ResearchSuite.framework in Frameworks */ = {isa = PBXBuildFile; fileRef = FFA0E43F1FD1179800C36AE7 /* ResearchSuite.framework */; };
		FFA0E4571FD117B900C36AE7 /* ResearchSuite.framework in Embed Frameworks */ = {isa = PBXBuildFile; fileRef = FFA0E43F1FD1179800C36AE7 /* ResearchSuite.framework */; settings = {ATTRIBUTES = (CodeSignOnCopy, RemoveHeadersOnCopy, ); }; };
		FFA6078B1F705ED20034A4C0 /* Main.storyboard in Resources */ = {isa = PBXBuildFile; fileRef = FFA6078A1F705ED20034A4C0 /* Main.storyboard */; };
		FFA607971F7074FB0034A4C0 /* AppDelegate.swift in Sources */ = {isa = PBXBuildFile; fileRef = 60F7A1321E89C76E00B123FA /* AppDelegate.swift */; };
		FFA607A61F70774E0034A4C0 /* ActivityTableViewController.swift in Sources */ = {isa = PBXBuildFile; fileRef = FFA607A51F70774E0034A4C0 /* ActivityTableViewController.swift */; };
		FFA607AF1F707EF50034A4C0 /* HeartRate_Measurement.json in Resources */ = {isa = PBXBuildFile; fileRef = FFA607AE1F707EF50034A4C0 /* HeartRate_Measurement.json */; };
		FFA607B11F7080F80034A4C0 /* ScheduledActivityManager.swift in Sources */ = {isa = PBXBuildFile; fileRef = FFA607B01F7080F80034A4C0 /* ScheduledActivityManager.swift */; };
		FFAA2D951FB571BF00B63CBA /* CRFMotionRecorder.swift in Sources */ = {isa = PBXBuildFile; fileRef = FFAA2D941FB571BF00B63CBA /* CRFMotionRecorder.swift */; };
		FFCE303C1EB9AA000086DCAA /* ResourceTests.swift in Sources */ = {isa = PBXBuildFile; fileRef = FFCE303B1EB9AA000086DCAA /* ResourceTests.swift */; };
		FFDD77F81FAD30900024BDD1 /* CRFRunDistanceStepViewController.swift in Sources */ = {isa = PBXBuildFile; fileRef = FFDD77F71FAD30900024BDD1 /* CRFRunDistanceStepViewController.swift */; };
		FFF159F51FB4E31F0061BA93 /* CRFHeartRateProcessor.m in Sources */ = {isa = PBXBuildFile; fileRef = FFF159F41FB4E31F0061BA93 /* CRFHeartRateProcessor.m */; };
		FFFDAFBC1FB50091001C59BD /* CRFResultStepViewController.swift in Sources */ = {isa = PBXBuildFile; fileRef = FFFDAFBB1FB50091001C59BD /* CRFResultStepViewController.swift */; };
/* End PBXBuildFile section */

/* Begin PBXContainerItemProxy section */
		60F7A1441E89C76E00B123FA /* PBXContainerItemProxy */ = {
			isa = PBXContainerItemProxy;
			containerPortal = 60F7A1271E89C76E00B123FA /* Project object */;
			proxyType = 1;
			remoteGlobalIDString = 60F7A12E1E89C76E00B123FA;
			remoteInfo = CRFModuleValidation;
		};
		60F7A2041E89D01100B123FA /* PBXContainerItemProxy */ = {
			isa = PBXContainerItemProxy;
			containerPortal = 60F7A1F51E89D00F00B123FA /* BridgeAppSDK.xcodeproj */;
			proxyType = 2;
			remoteGlobalIDString = 161479C01BD6CE8F0099A068;
			remoteInfo = BridgeAppSDKSample;
		};
		60F7A2061E89D01100B123FA /* PBXContainerItemProxy */ = {
			isa = PBXContainerItemProxy;
			containerPortal = 60F7A1F51E89D00F00B123FA /* BridgeAppSDK.xcodeproj */;
			proxyType = 2;
			remoteGlobalIDString = 801040B21C5A843D00D26E19;
			remoteInfo = BridgeAppSDK;
		};
		60F7A2081E89D01100B123FA /* PBXContainerItemProxy */ = {
			isa = PBXContainerItemProxy;
			containerPortal = 60F7A1F51E89D00F00B123FA /* BridgeAppSDK.xcodeproj */;
			proxyType = 2;
			remoteGlobalIDString = 801040BB1C5A843D00D26E19;
			remoteInfo = BridgeAppSDKTests;
		};
		60F7A20A1E89D01100B123FA /* PBXContainerItemProxy */ = {
			isa = PBXContainerItemProxy;
			containerPortal = 60F7A1F51E89D00F00B123FA /* BridgeAppSDK.xcodeproj */;
			proxyType = 2;
			remoteGlobalIDString = FF86303F1E709C9D0077AC57;
			remoteInfo = "Sage Cardio Challenge";
		};
		60F7A20C1E89D01100B123FA /* PBXContainerItemProxy */ = {
			isa = PBXContainerItemProxy;
			containerPortal = 60F7A1F51E89D00F00B123FA /* BridgeAppSDK.xcodeproj */;
			proxyType = 2;
			remoteGlobalIDString = FF86304B1E709C9E0077AC57;
			remoteInfo = "Sage Cardio Challenge Extension";
		};
		60F7A2191E89D0B200B123FA /* PBXContainerItemProxy */ = {
			isa = PBXContainerItemProxy;
			containerPortal = 60F7A1F51E89D00F00B123FA /* BridgeAppSDK.xcodeproj */;
			proxyType = 1;
			remoteGlobalIDString = 801040B11C5A843D00D26E19;
			remoteInfo = BridgeAppSDK;
		};
		FFA0E43E1FD1179800C36AE7 /* PBXContainerItemProxy */ = {
			isa = PBXContainerItemProxy;
			containerPortal = FF78FC611FA3FE1E00B8D42C /* ResearchSuite.xcodeproj */;
			proxyType = 2;
			remoteGlobalIDString = FF8B53141FCE678E006B6937;
			remoteInfo = "ResearchSuite (iOS)";
		};
		FFA0E4401FD1179800C36AE7 /* PBXContainerItemProxy */ = {
			isa = PBXContainerItemProxy;
			containerPortal = FF78FC611FA3FE1E00B8D42C /* ResearchSuite.xcodeproj */;
			proxyType = 2;
			remoteGlobalIDString = FF8B531C1FCE678E006B6937;
			remoteInfo = ResearchSuiteTests_iOS;
		};
		FFA0E4421FD1179800C36AE7 /* PBXContainerItemProxy */ = {
			isa = PBXContainerItemProxy;
			containerPortal = FF78FC611FA3FE1E00B8D42C /* ResearchSuite.xcodeproj */;
			proxyType = 2;
			remoteGlobalIDString = FF8B53301FCE67AA006B6937;
			remoteInfo = "ResearchSuite (watchOS)";
		};
		FFA0E4441FD1179800C36AE7 /* PBXContainerItemProxy */ = {
			isa = PBXContainerItemProxy;
			containerPortal = FF78FC611FA3FE1E00B8D42C /* ResearchSuite.xcodeproj */;
			proxyType = 2;
			remoteGlobalIDString = FF8B533D1FCE67C7006B6937;
			remoteInfo = "ResearchSuite (tvOS)";
		};
		FFA0E4461FD1179800C36AE7 /* PBXContainerItemProxy */ = {
			isa = PBXContainerItemProxy;
			containerPortal = FF78FC611FA3FE1E00B8D42C /* ResearchSuite.xcodeproj */;
			proxyType = 2;
			remoteGlobalIDString = FF8B53451FCE67C8006B6937;
			remoteInfo = ResearchSuiteTests_tvOS;
		};
		FFA0E44C1FD1179800C36AE7 /* PBXContainerItemProxy */ = {
			isa = PBXContainerItemProxy;
			containerPortal = FF78FC541FA3FE0200B8D42C /* ResearchSuiteUI.xcodeproj */;
			proxyType = 2;
			remoteGlobalIDString = FFF2D9381FCF415E007258F8;
			remoteInfo = "ResearchSuiteUI (iOS)";
		};
		FFA0E44E1FD1179800C36AE7 /* PBXContainerItemProxy */ = {
			isa = PBXContainerItemProxy;
			containerPortal = FF78FC541FA3FE0200B8D42C /* ResearchSuiteUI.xcodeproj */;
			proxyType = 2;
			remoteGlobalIDString = FFF2D9401FCF415E007258F8;
			remoteInfo = ResearchSuiteUITests_iOS;
		};
		FFA0E4501FD1179800C36AE7 /* PBXContainerItemProxy */ = {
			isa = PBXContainerItemProxy;
			containerPortal = FF78FC541FA3FE0200B8D42C /* ResearchSuiteUI.xcodeproj */;
			proxyType = 2;
			remoteGlobalIDString = FFF2D9701FCF41BF007258F8;
			remoteInfo = "ResearchSuiteUI (watchOS)";
		};
		FFA0E4541FD117A400C36AE7 /* PBXContainerItemProxy */ = {
			isa = PBXContainerItemProxy;
			containerPortal = FF78FC541FA3FE0200B8D42C /* ResearchSuiteUI.xcodeproj */;
			proxyType = 1;
			remoteGlobalIDString = FFF2D9371FCF415E007258F8;
			remoteInfo = "ResearchSuiteUI (iOS)";
		};
		FFA0E4581FD117B900C36AE7 /* PBXContainerItemProxy */ = {
			isa = PBXContainerItemProxy;
			containerPortal = FF78FC611FA3FE1E00B8D42C /* ResearchSuite.xcodeproj */;
			proxyType = 1;
			remoteGlobalIDString = FF8B53131FCE678E006B6937;
			remoteInfo = "ResearchSuite (iOS)";
		};
/* End PBXContainerItemProxy section */

/* Begin PBXCopyFilesBuildPhase section */
		60F7A21B1E89D0B300B123FA /* Embed Frameworks */ = {
			isa = PBXCopyFilesBuildPhase;
			buildActionMask = 2147483647;
			dstPath = "";
			dstSubfolderSpec = 10;
			files = (
				60F7A2101E89D0B200B123FA /* ResearchKit.framework in Embed Frameworks */,
				60F7A2131E89D0B200B123FA /* ResearchUXFactory.framework in Embed Frameworks */,
				FFA0E4571FD117B900C36AE7 /* ResearchSuite.framework in Embed Frameworks */,
				60F7A2181E89D0B200B123FA /* BridgeAppSDK.framework in Embed Frameworks */,
				FFA0E4531FD117A400C36AE7 /* ResearchSuiteUI.framework in Embed Frameworks */,
				60F7A2161E89D0B200B123FA /* BridgeSDK.framework in Embed Frameworks */,
			);
			name = "Embed Frameworks";
			runOnlyForDeploymentPostprocessing = 0;
		};
/* End PBXCopyFilesBuildPhase section */

/* Begin PBXFileReference section */
		60056B0B1F9E9C6300FCE1BF /* SafariServices.framework */ = {isa = PBXFileReference; lastKnownFileType = wrapper.framework; name = SafariServices.framework; path = System/Library/Frameworks/SafariServices.framework; sourceTree = SDKROOT; };
		601ADB071FACDEDD00B6D975 /* OnboardingSteps.storyboard */ = {isa = PBXFileReference; lastKnownFileType = file.storyboard; path = OnboardingSteps.storyboard; sourceTree = "<group>"; };
		60F7A12F1E89C76E00B123FA /* CRFModuleValidation.app */ = {isa = PBXFileReference; explicitFileType = wrapper.application; includeInIndex = 0; path = CRFModuleValidation.app; sourceTree = BUILT_PRODUCTS_DIR; };
		60F7A1321E89C76E00B123FA /* AppDelegate.swift */ = {isa = PBXFileReference; lastKnownFileType = sourcecode.swift; path = AppDelegate.swift; sourceTree = "<group>"; };
		60F7A1391E89C76E00B123FA /* Assets.xcassets */ = {isa = PBXFileReference; lastKnownFileType = folder.assetcatalog; path = Assets.xcassets; sourceTree = "<group>"; };
		60F7A13C1E89C76E00B123FA /* Base */ = {isa = PBXFileReference; lastKnownFileType = file.storyboard; name = Base; path = Base.lproj/LaunchScreen.storyboard; sourceTree = "<group>"; };
		60F7A13E1E89C76E00B123FA /* Info.plist */ = {isa = PBXFileReference; lastKnownFileType = text.plist.xml; path = Info.plist; sourceTree = "<group>"; };
		60F7A1431E89C76E00B123FA /* CRFModuleValidationTests.xctest */ = {isa = PBXFileReference; explicitFileType = wrapper.cfbundle; includeInIndex = 0; path = CRFModuleValidationTests.xctest; sourceTree = BUILT_PRODUCTS_DIR; };
		60F7A1491E89C76E00B123FA /* Info.plist */ = {isa = PBXFileReference; lastKnownFileType = text.plist.xml; path = Info.plist; sourceTree = "<group>"; };
		60F7A1DE1E89CAFB00B123FA /* BridgeInfo.plist */ = {isa = PBXFileReference; fileEncoding = 4; lastKnownFileType = text.plist.xml; path = BridgeInfo.plist; sourceTree = "<group>"; };
		60F7A1F51E89D00F00B123FA /* BridgeAppSDK.xcodeproj */ = {isa = PBXFileReference; lastKnownFileType = "wrapper.pb-project"; name = BridgeAppSDK.xcodeproj; path = BridgeAppSDK/BridgeAppSDK.xcodeproj; sourceTree = "<group>"; };
		60F7A20E1E89D0B200B123FA /* ResearchKit.framework */ = {isa = PBXFileReference; explicitFileType = wrapper.framework; path = ResearchKit.framework; sourceTree = BUILT_PRODUCTS_DIR; };
		60F7A2111E89D0B200B123FA /* ResearchUXFactory.framework */ = {isa = PBXFileReference; explicitFileType = wrapper.framework; path = ResearchUXFactory.framework; sourceTree = BUILT_PRODUCTS_DIR; };
		60F7A2141E89D0B200B123FA /* BridgeSDK.framework */ = {isa = PBXFileReference; explicitFileType = wrapper.framework; path = BridgeSDK.framework; sourceTree = BUILT_PRODUCTS_DIR; };
		801281811FB7C00200AA52D6 /* TaskGroupTableViewController.swift */ = {isa = PBXFileReference; fileEncoding = 4; lastKnownFileType = sourcecode.swift; path = TaskGroupTableViewController.swift; sourceTree = "<group>"; };
		801281891FB7C05900AA52D6 /* GroupedScheduledActivityManager.swift */ = {isa = PBXFileReference; fileEncoding = 4; lastKnownFileType = sourcecode.swift; path = GroupedScheduledActivityManager.swift; sourceTree = "<group>"; };
		8012818B1FB8F71D00AA52D6 /* MasterScheduledActivityManager.swift */ = {isa = PBXFileReference; fileEncoding = 4; lastKnownFileType = sourcecode.swift; path = MasterScheduledActivityManager.swift; sourceTree = "<group>"; };
		8012818F1FB901BE00AA52D6 /* ChallengeTableViewCell.swift */ = {isa = PBXFileReference; fileEncoding = 4; lastKnownFileType = sourcecode.swift; path = ChallengeTableViewCell.swift; sourceTree = "<group>"; };
		80B3FB4C1FB51EC900B81B6E /* FitbitStep.swift */ = {isa = PBXFileReference; lastKnownFileType = sourcecode.swift; path = FitbitStep.swift; sourceTree = "<group>"; };
		80D529021FB26A17007B9B26 /* MyJourneyViewController.swift */ = {isa = PBXFileReference; lastKnownFileType = sourcecode.swift; path = MyJourneyViewController.swift; sourceTree = "<group>"; };
		80D5290A1FB26C2D007B9B26 /* TaskGroup.swift */ = {isa = PBXFileReference; fileEncoding = 4; lastKnownFileType = sourcecode.swift; path = TaskGroup.swift; sourceTree = "<group>"; };
		80D5290B1FB26C2D007B9B26 /* Schedule.swift */ = {isa = PBXFileReference; fileEncoding = 4; lastKnownFileType = sourcecode.swift; path = Schedule.swift; sourceTree = "<group>"; };
		80E8D1BB1FB5460A00A695C5 /* OnboardingSurvey.json */ = {isa = PBXFileReference; lastKnownFileType = text.json; path = OnboardingSurvey.json; sourceTree = "<group>"; };
		F86B8755200E860B00772B6D /* HealthKit.framework */ = {isa = PBXFileReference; lastKnownFileType = wrapper.framework; name = HealthKit.framework; path = System/Library/Frameworks/HealthKit.framework; sourceTree = SDKROOT; };
		FF1CC7891FB3D20100EF03A1 /* CRFHeartRateStepViewController.swift */ = {isa = PBXFileReference; lastKnownFileType = sourcecode.swift; path = CRFHeartRateStepViewController.swift; sourceTree = "<group>"; };
		FF237EBD1FA9248D007E8A5F /* CRFTaskFactory.swift */ = {isa = PBXFileReference; lastKnownFileType = sourcecode.swift; path = CRFTaskFactory.swift; sourceTree = "<group>"; };
		FF2A1D561FB174570095044A /* CRFHeartRateRecorder.swift */ = {isa = PBXFileReference; lastKnownFileType = sourcecode.swift; path = CRFHeartRateRecorder.swift; sourceTree = "<group>"; };
		FF2A1D591FB176BC0095044A /* CRFLocationRecorder.swift */ = {isa = PBXFileReference; fileEncoding = 4; lastKnownFileType = sourcecode.swift; path = CRFLocationRecorder.swift; sourceTree = "<group>"; };
		FF4043F71FBAA170000EF2A0 /* CoreMotion.framework */ = {isa = PBXFileReference; lastKnownFileType = wrapper.framework; name = CoreMotion.framework; path = System/Library/Frameworks/CoreMotion.framework; sourceTree = SDKROOT; };
		FF4043F81FBAA17B000EF2A0 /* CoreLocation.framework */ = {isa = PBXFileReference; lastKnownFileType = wrapper.framework; name = CoreLocation.framework; path = System/Library/Frameworks/CoreLocation.framework; sourceTree = SDKROOT; };
		FF4043F91FBAA18D000EF2A0 /* AVFoundation.framework */ = {isa = PBXFileReference; lastKnownFileType = wrapper.framework; name = AVFoundation.framework; path = System/Library/Frameworks/AVFoundation.framework; sourceTree = SDKROOT; };
		FF47120F1FCF95D40052E5E3 /* AppDelegate.swift */ = {isa = PBXFileReference; lastKnownFileType = sourcecode.swift; path = AppDelegate.swift; sourceTree = "<group>"; };
		FF4712141FCF95D40052E5E3 /* Base */ = {isa = PBXFileReference; lastKnownFileType = file.storyboard; name = Base; path = Base.lproj/Main.storyboard; sourceTree = "<group>"; };
		FF4712161FCF95D40052E5E3 /* Assets.xcassets */ = {isa = PBXFileReference; lastKnownFileType = folder.assetcatalog; path = Assets.xcassets; sourceTree = "<group>"; };
		FF4712191FCF95D40052E5E3 /* Base */ = {isa = PBXFileReference; lastKnownFileType = file.storyboard; name = Base; path = Base.lproj/LaunchScreen.storyboard; sourceTree = "<group>"; };
		FF47121B1FCF95D40052E5E3 /* Info.plist */ = {isa = PBXFileReference; lastKnownFileType = text.plist.xml; path = Info.plist; sourceTree = "<group>"; };
		FF4712241FCF95D40052E5E3 /* BackgroundSurveyUITests.swift */ = {isa = PBXFileReference; lastKnownFileType = sourcecode.swift; path = BackgroundSurveyUITests.swift; sourceTree = "<group>"; };
		FF4712261FCF95D40052E5E3 /* Info.plist */ = {isa = PBXFileReference; lastKnownFileType = text.plist.xml; path = Info.plist; sourceTree = "<group>"; };
		FF4712501FCF99150052E5E3 /* TableViewController.swift */ = {isa = PBXFileReference; lastKnownFileType = sourcecode.swift; path = TableViewController.swift; sourceTree = "<group>"; };
		FF55C4131FAAD9DA004EDB59 /* Stair_Step.html */ = {isa = PBXFileReference; lastKnownFileType = text.html; path = Stair_Step.html; sourceTree = "<group>"; };
		FF55C4141FAAD9F7004EDB59 /* Cardio_12MT.html */ = {isa = PBXFileReference; lastKnownFileType = text.html; path = Cardio_12MT.html; sourceTree = "<group>"; };
		FF55C41E1FAAEB3D004EDB59 /* TaskIntroductionStepViewController.swift */ = {isa = PBXFileReference; lastKnownFileType = sourcecode.swift; path = TaskIntroductionStepViewController.swift; sourceTree = "<group>"; };
		FF569BED1FB63CF9005F525A /* Cardio_Stress.json */ = {isa = PBXFileReference; fileEncoding = 4; lastKnownFileType = text.json; path = Cardio_Stress.json; sourceTree = "<group>"; };
		FF569BF51FB63FCA005F525A /* Stress_Test.html */ = {isa = PBXFileReference; fileEncoding = 4; lastKnownFileType = text.html; path = Stress_Test.html; sourceTree = "<group>"; };
		FF5D8B701FB522F60003B0FC /* Cardio_Stair_Step.json */ = {isa = PBXFileReference; fileEncoding = 4; lastKnownFileType = text.json; path = Cardio_Stair_Step.json; sourceTree = "<group>"; };
		FF5D8B7C1FB526F80003B0FC /* CRFCameraShutterButton.swift */ = {isa = PBXFileReference; lastKnownFileType = sourcecode.swift; path = CRFCameraShutterButton.swift; sourceTree = "<group>"; };
		FF5D8B7E1FB528BC0003B0FC /* CRFCameraStepViewController.swift */ = {isa = PBXFileReference; lastKnownFileType = sourcecode.swift; path = CRFCameraStepViewController.swift; sourceTree = "<group>"; };
		FF5D8B801FB535340003B0FC /* CRFStairStepViewController.swift */ = {isa = PBXFileReference; lastKnownFileType = sourcecode.swift; path = CRFStairStepViewController.swift; sourceTree = "<group>"; };
		FF6D6C721FD0A9AE002B514A /* MapKit.framework */ = {isa = PBXFileReference; lastKnownFileType = wrapper.framework; name = MapKit.framework; path = System/Library/Frameworks/MapKit.framework; sourceTree = SDKROOT; };
		FF77075A1FB43D7F00658074 /* heartrate.json */ = {isa = PBXFileReference; fileEncoding = 4; lastKnownFileType = text.json; path = heartrate.json; sourceTree = "<group>"; };
		FF7707631FB43E1200658074 /* HeartRateRecorderTests.swift */ = {isa = PBXFileReference; lastKnownFileType = sourcecode.swift; path = HeartRateRecorderTests.swift; sourceTree = "<group>"; };
		FF7752371F7093AF004925B8 /* SurveyFactory.swift */ = {isa = PBXFileReference; fileEncoding = 4; lastKnownFileType = sourcecode.swift; path = SurveyFactory.swift; sourceTree = "<group>"; };
		FF7752451F709D5D004925B8 /* StudyOverviewViewController.swift */ = {isa = PBXFileReference; fileEncoding = 4; lastKnownFileType = sourcecode.swift; path = StudyOverviewViewController.swift; sourceTree = "<group>"; };
		FF7752471F709D71004925B8 /* StudyOverview.storyboard */ = {isa = PBXFileReference; fileEncoding = 4; lastKnownFileType = file.storyboard; path = StudyOverview.storyboard; sourceTree = "<group>"; };
		FF7752581F70A465004925B8 /* BridgeInfo-private.plist */ = {isa = PBXFileReference; fileEncoding = 4; lastKnownFileType = text.plist.xml; name = "BridgeInfo-private.plist"; path = "../../iOSPrivateProjectInfo/CRFModuleValidation/BridgeInfo-private.plist"; sourceTree = "<group>"; };
		FF77525A1F70A475004925B8 /* crf-module.pem */ = {isa = PBXFileReference; fileEncoding = 4; lastKnownFileType = text; name = "crf-module.pem"; path = "../../iOSPrivateProjectInfo/CRFModuleValidation/crf-module.pem"; sourceTree = "<group>"; };
		FF7752831F722C95004925B8 /* UIColor+CMAdditions.swift */ = {isa = PBXFileReference; fileEncoding = 4; lastKnownFileType = sourcecode.swift; path = "UIColor+CMAdditions.swift"; sourceTree = "<group>"; };
		FF7752851F722CB4004925B8 /* UIColor+BridgeMapping.swift */ = {isa = PBXFileReference; fileEncoding = 4; lastKnownFileType = sourcecode.swift; path = "UIColor+BridgeMapping.swift"; sourceTree = "<group>"; };
		FF77528F1F7230DC004925B8 /* Bridging-Header.h */ = {isa = PBXFileReference; lastKnownFileType = sourcecode.c.h; path = "Bridging-Header.h"; sourceTree = "<group>"; };
		FF78FC541FA3FE0200B8D42C /* ResearchSuiteUI.xcodeproj */ = {isa = PBXFileReference; lastKnownFileType = "wrapper.pb-project"; name = ResearchSuiteUI.xcodeproj; path = ResearchSuite/ResearchSuiteUI/ResearchSuiteUI.xcodeproj; sourceTree = "<group>"; };
		FF78FC611FA3FE1E00B8D42C /* ResearchSuite.xcodeproj */ = {isa = PBXFileReference; lastKnownFileType = "wrapper.pb-project"; name = ResearchSuite.xcodeproj; path = ResearchSuite/ResearchSuite/ResearchSuite.xcodeproj; sourceTree = "<group>"; };
		FF78FC8D1FA7B49800B8D42C /* Cardio_12MT.json */ = {isa = PBXFileReference; fileEncoding = 4; lastKnownFileType = text.json; path = Cardio_12MT.json; sourceTree = "<group>"; };
		FF78FC8F1FA7B8DB00B8D42C /* HeartrateStep.json */ = {isa = PBXFileReference; fileEncoding = 4; lastKnownFileType = text.json; path = HeartrateStep.json; sourceTree = "<group>"; };
		FF88D4FE1FB66D0D003BB844 /* Background_Survey.json */ = {isa = PBXFileReference; fileEncoding = 4; lastKnownFileType = text.json; path = Background_Survey.json; sourceTree = "<group>"; };
		FF9D7F681FA8F957008506DB /* ActiveTaskSteps.storyboard */ = {isa = PBXFileReference; lastKnownFileType = file.storyboard; path = ActiveTaskSteps.storyboard; sourceTree = "<group>"; };
		FFA6078A1F705ED20034A4C0 /* Main.storyboard */ = {isa = PBXFileReference; fileEncoding = 4; lastKnownFileType = file.storyboard; path = Main.storyboard; sourceTree = "<group>"; };
		FFA6078C1F7074560034A4C0 /* CRFModuleValidation.entitlements */ = {isa = PBXFileReference; lastKnownFileType = text.plist.entitlements; path = CRFModuleValidation.entitlements; sourceTree = SOURCE_ROOT; };
		FFA6079C1F7076270034A4C0 /* CRFModuleValidation-Bridging-Header.h */ = {isa = PBXFileReference; lastKnownFileType = sourcecode.c.h; path = "CRFModuleValidation-Bridging-Header.h"; sourceTree = "<group>"; };
		FFA607A51F70774E0034A4C0 /* ActivityTableViewController.swift */ = {isa = PBXFileReference; fileEncoding = 4; lastKnownFileType = sourcecode.swift; path = ActivityTableViewController.swift; sourceTree = "<group>"; };
		FFA607AE1F707EF50034A4C0 /* HeartRate_Measurement.json */ = {isa = PBXFileReference; fileEncoding = 4; lastKnownFileType = text.json; path = HeartRate_Measurement.json; sourceTree = "<group>"; };
		FFA607B01F7080F80034A4C0 /* ScheduledActivityManager.swift */ = {isa = PBXFileReference; fileEncoding = 4; lastKnownFileType = sourcecode.swift; path = ScheduledActivityManager.swift; sourceTree = "<group>"; };
		FFAA2D941FB571BF00B63CBA /* CRFMotionRecorder.swift */ = {isa = PBXFileReference; lastKnownFileType = sourcecode.swift; path = CRFMotionRecorder.swift; sourceTree = "<group>"; };
		FFCE303B1EB9AA000086DCAA /* ResourceTests.swift */ = {isa = PBXFileReference; fileEncoding = 4; lastKnownFileType = sourcecode.swift; path = ResourceTests.swift; sourceTree = "<group>"; };
		FFDD77F71FAD30900024BDD1 /* CRFRunDistanceStepViewController.swift */ = {isa = PBXFileReference; lastKnownFileType = sourcecode.swift; path = CRFRunDistanceStepViewController.swift; sourceTree = "<group>"; };
		FFE7EB601FD0BAB200A69F46 /* CardioUITests.swift */ = {isa = PBXFileReference; lastKnownFileType = sourcecode.swift; path = CardioUITests.swift; sourceTree = "<group>"; };
		FFF159ED1FB4E31F0061BA93 /* CRFHeartRateProcessor.h */ = {isa = PBXFileReference; fileEncoding = 4; lastKnownFileType = sourcecode.c.h; path = CRFHeartRateProcessor.h; sourceTree = "<group>"; };
		FFF159F41FB4E31F0061BA93 /* CRFHeartRateProcessor.m */ = {isa = PBXFileReference; fileEncoding = 4; lastKnownFileType = sourcecode.c.objc; path = CRFHeartRateProcessor.m; sourceTree = "<group>"; };
		FFFDAFBB1FB50091001C59BD /* CRFResultStepViewController.swift */ = {isa = PBXFileReference; lastKnownFileType = sourcecode.swift; path = CRFResultStepViewController.swift; sourceTree = "<group>"; };
/* End PBXFileReference section */

/* Begin PBXFrameworksBuildPhase section */
		60F7A12C1E89C76E00B123FA /* Frameworks */ = {
			isa = PBXFrameworksBuildPhase;
			buildActionMask = 2147483647;
			files = (
				FF4043FC1FBAA20C000EF2A0 /* CoreMotion.framework in Frameworks */,
				FF4043FB1FBAA202000EF2A0 /* CoreLocation.framework in Frameworks */,
				F86B8756200E860B00772B6D /* HealthKit.framework in Frameworks */,
				FF4043FA1FBAA1F1000EF2A0 /* AVFoundation.framework in Frameworks */,
				60056B0C1F9E9C9000FCE1BF /* SafariServices.framework in Frameworks */,
				60F7A20F1E89D0B200B123FA /* ResearchKit.framework in Frameworks */,
				60F7A2121E89D0B200B123FA /* ResearchUXFactory.framework in Frameworks */,
				60F7A2171E89D0B200B123FA /* BridgeAppSDK.framework in Frameworks */,
				FFA0E4521FD117A400C36AE7 /* ResearchSuiteUI.framework in Frameworks */,
				FFA0E4561FD117B900C36AE7 /* ResearchSuite.framework in Frameworks */,
				60F7A2151E89D0B200B123FA /* BridgeSDK.framework in Frameworks */,
			);
			runOnlyForDeploymentPostprocessing = 0;
		};
		60F7A1401E89C76E00B123FA /* Frameworks */ = {
			isa = PBXFrameworksBuildPhase;
			buildActionMask = 2147483647;
			files = (
			);
			runOnlyForDeploymentPostprocessing = 0;
		};
/* End PBXFrameworksBuildPhase section */

/* Begin PBXGroup section */
		60F7A1261E89C76E00B123FA = {
			isa = PBXGroup;
			children = (
				60F7A1311E89C76E00B123FA /* CRFModuleValidation */,
				60F7A1461E89C76E00B123FA /* CRFModuleValidationTests */,
				FF47120E1FCF95D40052E5E3 /* CRFModuleTestApp */,
				FF4712231FCF95D40052E5E3 /* CRFModuleTestAppUITests */,
				60F7A1F21E89CFEF00B123FA /* Frameworks */,
				60F7A1301E89C76E00B123FA /* Products */,
			);
			sourceTree = "<group>";
		};
		60F7A1301E89C76E00B123FA /* Products */ = {
			isa = PBXGroup;
			children = (
				60F7A12F1E89C76E00B123FA /* CRFModuleValidation.app */,
				60F7A1431E89C76E00B123FA /* CRFModuleValidationTests.xctest */,
			);
			name = Products;
			sourceTree = "<group>";
		};
		60F7A1311E89C76E00B123FA /* CRFModuleValidation */ = {
			isa = PBXGroup;
			children = (
				60F7A1321E89C76E00B123FA /* AppDelegate.swift */,
				FFA607A51F70774E0034A4C0 /* ActivityTableViewController.swift */,
				8012818B1FB8F71D00AA52D6 /* MasterScheduledActivityManager.swift */,
				FFA607B01F7080F80034A4C0 /* ScheduledActivityManager.swift */,
				FF7752371F7093AF004925B8 /* SurveyFactory.swift */,
				80D529021FB26A17007B9B26 /* MyJourneyViewController.swift */,
				80D5290B1FB26C2D007B9B26 /* Schedule.swift */,
				80D5290A1FB26C2D007B9B26 /* TaskGroup.swift */,
				801281811FB7C00200AA52D6 /* TaskGroupTableViewController.swift */,
				801281891FB7C05900AA52D6 /* GroupedScheduledActivityManager.swift */,
				FF7752451F709D5D004925B8 /* StudyOverviewViewController.swift */,
				80B3FB4C1FB51EC900B81B6E /* FitbitStep.swift */,
				8012818F1FB901BE00AA52D6 /* ChallengeTableViewCell.swift */,
				FF9D7F591FA8DEB8008506DB /* Step Customization */,
				60F7A1641E89C98800B123FA /* Resources */,
				60F7A1611E89C93800B123FA /* Storyboards */,
				FF77527E1F722C60004925B8 /* Style Guide */,
				60F7A1601E89C90700B123FA /* Supporting Files */,
			);
			path = CRFModuleValidation;
			sourceTree = "<group>";
		};
		60F7A1461E89C76E00B123FA /* CRFModuleValidationTests */ = {
			isa = PBXGroup;
			children = (
				FF7707651FB43E1C00658074 /* Supporting Files */,
				FF7707621FB43D8900658074 /* test files */,
				FF7707631FB43E1200658074 /* HeartRateRecorderTests.swift */,
				FFCE303B1EB9AA000086DCAA /* ResourceTests.swift */,
			);
			path = CRFModuleValidationTests;
			sourceTree = "<group>";
		};
		60F7A1601E89C90700B123FA /* Supporting Files */ = {
			isa = PBXGroup;
			children = (
				60F7A1DE1E89CAFB00B123FA /* BridgeInfo.plist */,
				FF7752581F70A465004925B8 /* BridgeInfo-private.plist */,
				60F7A13E1E89C76E00B123FA /* Info.plist */,
				FF77525A1F70A475004925B8 /* crf-module.pem */,
				FFA6078C1F7074560034A4C0 /* CRFModuleValidation.entitlements */,
				FFA6079C1F7076270034A4C0 /* CRFModuleValidation-Bridging-Header.h */,
			);
			name = "Supporting Files";
			sourceTree = "<group>";
		};
		60F7A1611E89C93800B123FA /* Storyboards */ = {
			isa = PBXGroup;
			children = (
				FFA6078A1F705ED20034A4C0 /* Main.storyboard */,
				60F7A13B1E89C76E00B123FA /* LaunchScreen.storyboard */,
				FF7752471F709D71004925B8 /* StudyOverview.storyboard */,
			);
			name = Storyboards;
			sourceTree = "<group>";
		};
		60F7A1641E89C98800B123FA /* Resources */ = {
			isa = PBXGroup;
			children = (
				FF55C4121FAAD993004EDB59 /* HTML */,
				FFA607AB1F707BB70034A4C0 /* JSON */,
				60F7A1391E89C76E00B123FA /* Assets.xcassets */,
			);
			name = Resources;
			sourceTree = "<group>";
		};
		60F7A1F21E89CFEF00B123FA /* Frameworks */ = {
			isa = PBXGroup;
			children = (
				F86B8755200E860B00772B6D /* HealthKit.framework */,
				FF6D6C721FD0A9AE002B514A /* MapKit.framework */,
				FF4043F91FBAA18D000EF2A0 /* AVFoundation.framework */,
				FF4043F81FBAA17B000EF2A0 /* CoreLocation.framework */,
				FF4043F71FBAA170000EF2A0 /* CoreMotion.framework */,
				60056B0B1F9E9C6300FCE1BF /* SafariServices.framework */,
				60F7A2141E89D0B200B123FA /* BridgeSDK.framework */,
				60F7A2111E89D0B200B123FA /* ResearchUXFactory.framework */,
				60F7A20E1E89D0B200B123FA /* ResearchKit.framework */,
				60F7A1F51E89D00F00B123FA /* BridgeAppSDK.xcodeproj */,
				FF78FC541FA3FE0200B8D42C /* ResearchSuiteUI.xcodeproj */,
				FF78FC611FA3FE1E00B8D42C /* ResearchSuite.xcodeproj */,
			);
			name = Frameworks;
			sourceTree = "<group>";
		};
		60F7A1F61E89D00F00B123FA /* Products */ = {
			isa = PBXGroup;
			children = (
				60F7A2051E89D01100B123FA /* BridgeAppSDKSample.app */,
				60F7A2071E89D01100B123FA /* BridgeAppSDK.framework */,
				60F7A2091E89D01100B123FA /* BridgeAppSDKTests.xctest */,
				60F7A20B1E89D01100B123FA /* Sage Cardio Challenge.app */,
				60F7A20D1E89D01100B123FA /* Sage Cardio Challenge Extension.appex */,
			);
			name = Products;
			sourceTree = "<group>";
		};
		FF2A1D581FB176340095044A /* Recorders */ = {
			isa = PBXGroup;
			children = (
				FFF159ED1FB4E31F0061BA93 /* CRFHeartRateProcessor.h */,
				FFF159F41FB4E31F0061BA93 /* CRFHeartRateProcessor.m */,
				FF2A1D561FB174570095044A /* CRFHeartRateRecorder.swift */,
				FF2A1D591FB176BC0095044A /* CRFLocationRecorder.swift */,
				FFAA2D941FB571BF00B63CBA /* CRFMotionRecorder.swift */,
			);
			name = Recorders;
			sourceTree = "<group>";
		};
		FF2A1D5B1FB177750095044A /* View Controllers */ = {
			isa = PBXGroup;
			children = (
				FF55C41E1FAAEB3D004EDB59 /* TaskIntroductionStepViewController.swift */,
				FF5D8B7E1FB528BC0003B0FC /* CRFCameraStepViewController.swift */,
				FF1CC7891FB3D20100EF03A1 /* CRFHeartRateStepViewController.swift */,
				FFDD77F71FAD30900024BDD1 /* CRFRunDistanceStepViewController.swift */,
				FFFDAFBB1FB50091001C59BD /* CRFResultStepViewController.swift */,
				FF5D8B801FB535340003B0FC /* CRFStairStepViewController.swift */,
			);
			name = "View Controllers";
			sourceTree = "<group>";
		};
		FF47120E1FCF95D40052E5E3 /* CRFModuleTestApp */ = {
			isa = PBXGroup;
			children = (
				FF47120F1FCF95D40052E5E3 /* AppDelegate.swift */,
				FF4712501FCF99150052E5E3 /* TableViewController.swift */,
				FF4712131FCF95D40052E5E3 /* Main.storyboard */,
				FF4712161FCF95D40052E5E3 /* Assets.xcassets */,
				FF4712181FCF95D40052E5E3 /* LaunchScreen.storyboard */,
				FF47121B1FCF95D40052E5E3 /* Info.plist */,
			);
			path = CRFModuleTestApp;
			sourceTree = "<group>";
		};
		FF4712231FCF95D40052E5E3 /* CRFModuleTestAppUITests */ = {
			isa = PBXGroup;
			children = (
				FFE7EB601FD0BAB200A69F46 /* CardioUITests.swift */,
				FF4712241FCF95D40052E5E3 /* BackgroundSurveyUITests.swift */,
				FF4712261FCF95D40052E5E3 /* Info.plist */,
			);
			path = CRFModuleTestAppUITests;
			sourceTree = "<group>";
		};
		FF55C4121FAAD993004EDB59 /* HTML */ = {
			isa = PBXGroup;
			children = (
				FF569BF51FB63FCA005F525A /* Stress_Test.html */,
				FF55C4131FAAD9DA004EDB59 /* Stair_Step.html */,
				FF55C4141FAAD9F7004EDB59 /* Cardio_12MT.html */,
			);
			name = HTML;
			sourceTree = "<group>";
		};
		FF5D8B781FB5269C0003B0FC /* Views */ = {
			isa = PBXGroup;
			children = (
				FF5D8B7C1FB526F80003B0FC /* CRFCameraShutterButton.swift */,
			);
			name = Views;
			sourceTree = "<group>";
		};
		FF7707621FB43D8900658074 /* test files */ = {
			isa = PBXGroup;
			children = (
				FF77075A1FB43D7F00658074 /* heartrate.json */,
			);
			path = "test files";
			sourceTree = "<group>";
		};
		FF7707651FB43E1C00658074 /* Supporting Files */ = {
			isa = PBXGroup;
			children = (
				FF77528F1F7230DC004925B8 /* Bridging-Header.h */,
				60F7A1491E89C76E00B123FA /* Info.plist */,
			);
			name = "Supporting Files";
			sourceTree = "<group>";
		};
		FF77527E1F722C60004925B8 /* Style Guide */ = {
			isa = PBXGroup;
			children = (
				FF7752851F722CB4004925B8 /* UIColor+BridgeMapping.swift */,
				FF7752831F722C95004925B8 /* UIColor+CMAdditions.swift */,
			);
			name = "Style Guide";
			sourceTree = "<group>";
		};
		FF78FC551FA3FE0200B8D42C /* Products */ = {
			isa = PBXGroup;
			children = (
				FFA0E44D1FD1179800C36AE7 /* ResearchSuiteUI.framework */,
				FFA0E44F1FD1179800C36AE7 /* ResearchSuiteUITests_iOS.xctest */,
				FFA0E4511FD1179800C36AE7 /* ResearchSuiteUI.framework */,
			);
			name = Products;
			sourceTree = "<group>";
		};
		FF78FC621FA3FE1E00B8D42C /* Products */ = {
			isa = PBXGroup;
			children = (
				FFA0E43F1FD1179800C36AE7 /* ResearchSuite.framework */,
				FFA0E4411FD1179800C36AE7 /* ResearchSuiteTests_iOS.xctest */,
				FFA0E4431FD1179800C36AE7 /* ResearchSuite.framework */,
				FFA0E4451FD1179800C36AE7 /* ResearchSuite.framework */,
				FFA0E4471FD1179800C36AE7 /* ResearchSuiteTests_tvOS.xctest */,
			);
			name = Products;
			sourceTree = "<group>";
		};
		FF9D7F591FA8DEB8008506DB /* Step Customization */ = {
			isa = PBXGroup;
			children = (
				FF2A1D5B1FB177750095044A /* View Controllers */,
				FF5D8B781FB5269C0003B0FC /* Views */,
				FF2A1D581FB176340095044A /* Recorders */,
				FF237EBD1FA9248D007E8A5F /* CRFTaskFactory.swift */,
				FF9D7F681FA8F957008506DB /* ActiveTaskSteps.storyboard */,
				601ADB071FACDEDD00B6D975 /* OnboardingSteps.storyboard */,
			);
			name = "Step Customization";
			sourceTree = "<group>";
		};
		FFA607AB1F707BB70034A4C0 /* JSON */ = {
			isa = PBXGroup;
			children = (
				FF88D4FE1FB66D0D003BB844 /* Background_Survey.json */,
				FF78FC8F1FA7B8DB00B8D42C /* HeartrateStep.json */,
				FF78FC8D1FA7B49800B8D42C /* Cardio_12MT.json */,
				FF5D8B701FB522F60003B0FC /* Cardio_Stair_Step.json */,
				FF569BED1FB63CF9005F525A /* Cardio_Stress.json */,
				FFA607AE1F707EF50034A4C0 /* HeartRate_Measurement.json */,
				80E8D1BB1FB5460A00A695C5 /* OnboardingSurvey.json */,
			);
			name = JSON;
			sourceTree = "<group>";
		};
/* End PBXGroup section */

/* Begin PBXNativeTarget section */
		60F7A12E1E89C76E00B123FA /* CRFModuleValidation */ = {
			isa = PBXNativeTarget;
			buildConfigurationList = 60F7A1571E89C76E00B123FA /* Build configuration list for PBXNativeTarget "CRFModuleValidation" */;
			buildPhases = (
				04AA6F591EB3A527000931D2 /* ShellScript */,
				60F7A12B1E89C76E00B123FA /* Sources */,
				60F7A12C1E89C76E00B123FA /* Frameworks */,
				60F7A12D1E89C76E00B123FA /* Resources */,
				60F7A21B1E89D0B300B123FA /* Embed Frameworks */,
			);
			buildRules = (
			);
			dependencies = (
				60F7A21A1E89D0B200B123FA /* PBXTargetDependency */,
				FFA0E4551FD117A400C36AE7 /* PBXTargetDependency */,
				FFA0E4591FD117B900C36AE7 /* PBXTargetDependency */,
			);
			name = CRFModuleValidation;
			productName = CRFModuleValidation;
			productReference = 60F7A12F1E89C76E00B123FA /* CRFModuleValidation.app */;
			productType = "com.apple.product-type.application";
		};
		60F7A1421E89C76E00B123FA /* CRFModuleValidationTests */ = {
			isa = PBXNativeTarget;
			buildConfigurationList = 60F7A15A1E89C76E00B123FA /* Build configuration list for PBXNativeTarget "CRFModuleValidationTests" */;
			buildPhases = (
				60F7A13F1E89C76E00B123FA /* Sources */,
				60F7A1401E89C76E00B123FA /* Frameworks */,
				60F7A1411E89C76E00B123FA /* Resources */,
			);
			buildRules = (
			);
			dependencies = (
				60F7A1451E89C76E00B123FA /* PBXTargetDependency */,
			);
			name = CRFModuleValidationTests;
			productName = CRFModuleValidationTests;
			productReference = 60F7A1431E89C76E00B123FA /* CRFModuleValidationTests.xctest */;
			productType = "com.apple.product-type.bundle.unit-test";
		};
/* End PBXNativeTarget section */

/* Begin PBXProject section */
		60F7A1271E89C76E00B123FA /* Project object */ = {
			isa = PBXProject;
			attributes = {
				LastSwiftUpdateCheck = 0910;
				LastUpgradeCheck = 0820;
				ORGANIZATIONNAME = "Sage Bionetworks";
				TargetAttributes = {
					60F7A12E1E89C76E00B123FA = {
						CreatedOnToolsVersion = 8.2.1;
						DevelopmentTeam = 4B822CZK9N;
						LastSwiftMigration = 0910;
						ProvisioningStyle = Manual;
						SystemCapabilities = {
							com.apple.ApplicationGroups.iOS = {
								enabled = 1;
							};
							com.apple.BackgroundModes = {
								enabled = 1;
							};
							com.apple.DataProtection = {
								enabled = 1;
							};
							com.apple.HealthKit = {
								enabled = 1;
							};
							com.apple.Keychain = {
								enabled = 1;
							};
							com.apple.SafariKeychain = {
								enabled = 1;
							};
						};
					};
					60F7A1421E89C76E00B123FA = {
						CreatedOnToolsVersion = 8.2.1;
						DevelopmentTeam = KA9Z8R6M6K;
						LastSwiftMigration = 0910;
						ProvisioningStyle = Manual;
						TestTargetID = 60F7A12E1E89C76E00B123FA;
					};
				};
			};
			buildConfigurationList = 60F7A12A1E89C76E00B123FA /* Build configuration list for PBXProject "CRFModuleValidation" */;
			compatibilityVersion = "Xcode 3.2";
			developmentRegion = English;
			hasScannedForEncodings = 0;
			knownRegions = (
				en,
				Base,
			);
			mainGroup = 60F7A1261E89C76E00B123FA;
			productRefGroup = 60F7A1301E89C76E00B123FA /* Products */;
			projectDirPath = "";
			projectReferences = (
				{
					ProductGroup = 60F7A1F61E89D00F00B123FA /* Products */;
					ProjectRef = 60F7A1F51E89D00F00B123FA /* BridgeAppSDK.xcodeproj */;
				},
				{
					ProductGroup = FF78FC621FA3FE1E00B8D42C /* Products */;
					ProjectRef = FF78FC611FA3FE1E00B8D42C /* ResearchSuite.xcodeproj */;
				},
				{
					ProductGroup = FF78FC551FA3FE0200B8D42C /* Products */;
					ProjectRef = FF78FC541FA3FE0200B8D42C /* ResearchSuiteUI.xcodeproj */;
				},
			);
			projectRoot = "";
			targets = (
				60F7A12E1E89C76E00B123FA /* CRFModuleValidation */,
				60F7A1421E89C76E00B123FA /* CRFModuleValidationTests */,
			);
		};
/* End PBXProject section */

/* Begin PBXReferenceProxy section */
		60F7A2051E89D01100B123FA /* BridgeAppSDKSample.app */ = {
			isa = PBXReferenceProxy;
			fileType = wrapper.application;
			path = BridgeAppSDKSample.app;
			remoteRef = 60F7A2041E89D01100B123FA /* PBXContainerItemProxy */;
			sourceTree = BUILT_PRODUCTS_DIR;
		};
		60F7A2071E89D01100B123FA /* BridgeAppSDK.framework */ = {
			isa = PBXReferenceProxy;
			fileType = wrapper.framework;
			path = BridgeAppSDK.framework;
			remoteRef = 60F7A2061E89D01100B123FA /* PBXContainerItemProxy */;
			sourceTree = BUILT_PRODUCTS_DIR;
		};
		60F7A2091E89D01100B123FA /* BridgeAppSDKTests.xctest */ = {
			isa = PBXReferenceProxy;
			fileType = wrapper.cfbundle;
			path = BridgeAppSDKTests.xctest;
			remoteRef = 60F7A2081E89D01100B123FA /* PBXContainerItemProxy */;
			sourceTree = BUILT_PRODUCTS_DIR;
		};
		60F7A20B1E89D01100B123FA /* Sage Cardio Challenge.app */ = {
			isa = PBXReferenceProxy;
			fileType = wrapper.application;
			path = "Sage Cardio Challenge.app";
			remoteRef = 60F7A20A1E89D01100B123FA /* PBXContainerItemProxy */;
			sourceTree = BUILT_PRODUCTS_DIR;
		};
		60F7A20D1E89D01100B123FA /* Sage Cardio Challenge Extension.appex */ = {
			isa = PBXReferenceProxy;
			fileType = "wrapper.app-extension";
			path = "Sage Cardio Challenge Extension.appex";
			remoteRef = 60F7A20C1E89D01100B123FA /* PBXContainerItemProxy */;
			sourceTree = BUILT_PRODUCTS_DIR;
		};
		FFA0E43F1FD1179800C36AE7 /* ResearchSuite.framework */ = {
			isa = PBXReferenceProxy;
			fileType = wrapper.framework;
			path = ResearchSuite.framework;
			remoteRef = FFA0E43E1FD1179800C36AE7 /* PBXContainerItemProxy */;
			sourceTree = BUILT_PRODUCTS_DIR;
		};
		FFA0E4411FD1179800C36AE7 /* ResearchSuiteTests_iOS.xctest */ = {
			isa = PBXReferenceProxy;
			fileType = wrapper.cfbundle;
			path = ResearchSuiteTests_iOS.xctest;
			remoteRef = FFA0E4401FD1179800C36AE7 /* PBXContainerItemProxy */;
			sourceTree = BUILT_PRODUCTS_DIR;
		};
		FFA0E4431FD1179800C36AE7 /* ResearchSuite.framework */ = {
			isa = PBXReferenceProxy;
			fileType = wrapper.framework;
			path = ResearchSuite.framework;
			remoteRef = FFA0E4421FD1179800C36AE7 /* PBXContainerItemProxy */;
			sourceTree = BUILT_PRODUCTS_DIR;
		};
		FFA0E4451FD1179800C36AE7 /* ResearchSuite.framework */ = {
			isa = PBXReferenceProxy;
			fileType = wrapper.framework;
			path = ResearchSuite.framework;
			remoteRef = FFA0E4441FD1179800C36AE7 /* PBXContainerItemProxy */;
			sourceTree = BUILT_PRODUCTS_DIR;
		};
		FFA0E4471FD1179800C36AE7 /* ResearchSuiteTests_tvOS.xctest */ = {
			isa = PBXReferenceProxy;
			fileType = wrapper.cfbundle;
			path = ResearchSuiteTests_tvOS.xctest;
			remoteRef = FFA0E4461FD1179800C36AE7 /* PBXContainerItemProxy */;
			sourceTree = BUILT_PRODUCTS_DIR;
		};
		FFA0E44D1FD1179800C36AE7 /* ResearchSuiteUI.framework */ = {
			isa = PBXReferenceProxy;
			fileType = wrapper.framework;
			path = ResearchSuiteUI.framework;
			remoteRef = FFA0E44C1FD1179800C36AE7 /* PBXContainerItemProxy */;
			sourceTree = BUILT_PRODUCTS_DIR;
		};
		FFA0E44F1FD1179800C36AE7 /* ResearchSuiteUITests_iOS.xctest */ = {
			isa = PBXReferenceProxy;
			fileType = wrapper.cfbundle;
			path = ResearchSuiteUITests_iOS.xctest;
			remoteRef = FFA0E44E1FD1179800C36AE7 /* PBXContainerItemProxy */;
			sourceTree = BUILT_PRODUCTS_DIR;
		};
		FFA0E4511FD1179800C36AE7 /* ResearchSuiteUI.framework */ = {
			isa = PBXReferenceProxy;
			fileType = wrapper.framework;
			path = ResearchSuiteUI.framework;
			remoteRef = FFA0E4501FD1179800C36AE7 /* PBXContainerItemProxy */;
			sourceTree = BUILT_PRODUCTS_DIR;
		};
/* End PBXReferenceProxy section */

/* Begin PBXResourcesBuildPhase section */
		60F7A12D1E89C76E00B123FA /* Resources */ = {
			isa = PBXResourcesBuildPhase;
			buildActionMask = 2147483647;
			files = (
				601ADB081FACDEDD00B6D975 /* OnboardingSteps.storyboard in Resources */,
				60F7A13D1E89C76E00B123FA /* LaunchScreen.storyboard in Resources */,
				FFA607AF1F707EF50034A4C0 /* HeartRate_Measurement.json in Resources */,
				FF5D8B771FB522F70003B0FC /* Cardio_Stair_Step.json in Resources */,
				FF77525B1F70A475004925B8 /* crf-module.pem in Resources */,
				80E8D1BC1FB5460A00A695C5 /* OnboardingSurvey.json in Resources */,
				FF88D5051FB66D0D003BB844 /* Background_Survey.json in Resources */,
				FF7752591F70A465004925B8 /* BridgeInfo-private.plist in Resources */,
				FF55C4201FAAF79A004EDB59 /* Cardio_12MT.html in Resources */,
				FF78FC8E1FA7B49900B8D42C /* Cardio_12MT.json in Resources */,
				FFA6078B1F705ED20034A4C0 /* Main.storyboard in Resources */,
				FF7752481F709D71004925B8 /* StudyOverview.storyboard in Resources */,
				FF9D7F691FA8F958008506DB /* ActiveTaskSteps.storyboard in Resources */,
				60F7A13A1E89C76E00B123FA /* Assets.xcassets in Resources */,
				60F7A1E31E89CAFB00B123FA /* BridgeInfo.plist in Resources */,
				FF55C4211FAAF79C004EDB59 /* Stair_Step.html in Resources */,
				FF569BF61FB63FCA005F525A /* Stress_Test.html in Resources */,
				FF78FC901FA7B8DB00B8D42C /* HeartrateStep.json in Resources */,
				FF569BF41FB63CFA005F525A /* Cardio_Stress.json in Resources */,
			);
			runOnlyForDeploymentPostprocessing = 0;
		};
		60F7A1411E89C76E00B123FA /* Resources */ = {
			isa = PBXResourcesBuildPhase;
			buildActionMask = 2147483647;
			files = (
				FF7707611FB43D8000658074 /* heartrate.json in Resources */,
			);
			runOnlyForDeploymentPostprocessing = 0;
		};
/* End PBXResourcesBuildPhase section */

/* Begin PBXShellScriptBuildPhase section */
		04AA6F591EB3A527000931D2 /* ShellScript */ = {
			isa = PBXShellScriptBuildPhase;
			buildActionMask = 2147483647;
			files = (
			);
			inputPaths = (
			);
			outputPaths = (
			);
			runOnlyForDeploymentPostprocessing = 0;
			shellPath = /bin/sh;
			shellScript = "";
		};
/* End PBXShellScriptBuildPhase section */

/* Begin PBXSourcesBuildPhase section */
		60F7A12B1E89C76E00B123FA /* Sources */ = {
			isa = PBXSourcesBuildPhase;
			buildActionMask = 2147483647;
			files = (
				801281901FB901BE00AA52D6 /* ChallengeTableViewCell.swift in Sources */,
				FF5D8B811FB535340003B0FC /* CRFStairStepViewController.swift in Sources */,
				FF2A1D5A1FB176BC0095044A /* CRFLocationRecorder.swift in Sources */,
				80D5290C1FB26C2E007B9B26 /* TaskGroup.swift in Sources */,
				FF55C41F1FAAEB3D004EDB59 /* TaskIntroductionStepViewController.swift in Sources */,
				801281881FB7C00300AA52D6 /* TaskGroupTableViewController.swift in Sources */,
				FF7752381F7093AF004925B8 /* SurveyFactory.swift in Sources */,
				FFAA2D951FB571BF00B63CBA /* CRFMotionRecorder.swift in Sources */,
				FFA607A61F70774E0034A4C0 /* ActivityTableViewController.swift in Sources */,
				8012818C1FB8F71E00AA52D6 /* MasterScheduledActivityManager.swift in Sources */,
				FF5D8B7F1FB528BC0003B0FC /* CRFCameraStepViewController.swift in Sources */,
				FFA607B11F7080F80034A4C0 /* ScheduledActivityManager.swift in Sources */,
				FF7752461F709D5D004925B8 /* StudyOverviewViewController.swift in Sources */,
				FF5D8B7D1FB526F80003B0FC /* CRFCameraShutterButton.swift in Sources */,
				8012818A1FB7C05900AA52D6 /* GroupedScheduledActivityManager.swift in Sources */,
				FFFDAFBC1FB50091001C59BD /* CRFResultStepViewController.swift in Sources */,
				FF7752861F722CB4004925B8 /* UIColor+BridgeMapping.swift in Sources */,
				FFDD77F81FAD30900024BDD1 /* CRFRunDistanceStepViewController.swift in Sources */,
				80B3FB531FB51EC900B81B6E /* FitbitStep.swift in Sources */,
				FF1CC78A1FB3D20100EF03A1 /* CRFHeartRateStepViewController.swift in Sources */,
				FFA607971F7074FB0034A4C0 /* AppDelegate.swift in Sources */,
				FF2A1D571FB174570095044A /* CRFHeartRateRecorder.swift in Sources */,
				FF7752841F722C95004925B8 /* UIColor+CMAdditions.swift in Sources */,
				80D529091FB26A17007B9B26 /* MyJourneyViewController.swift in Sources */,
				80D5290D1FB26C2E007B9B26 /* Schedule.swift in Sources */,
				FF237EBE1FA9248D007E8A5F /* CRFTaskFactory.swift in Sources */,
				FFF159F51FB4E31F0061BA93 /* CRFHeartRateProcessor.m in Sources */,
			);
			runOnlyForDeploymentPostprocessing = 0;
		};
		60F7A13F1E89C76E00B123FA /* Sources */ = {
			isa = PBXSourcesBuildPhase;
			buildActionMask = 2147483647;
			files = (
				FF7707641FB43E1200658074 /* HeartRateRecorderTests.swift in Sources */,
				FFCE303C1EB9AA000086DCAA /* ResourceTests.swift in Sources */,
			);
			runOnlyForDeploymentPostprocessing = 0;
		};
/* End PBXSourcesBuildPhase section */

/* Begin PBXTargetDependency section */
		60F7A1451E89C76E00B123FA /* PBXTargetDependency */ = {
			isa = PBXTargetDependency;
			target = 60F7A12E1E89C76E00B123FA /* CRFModuleValidation */;
			targetProxy = 60F7A1441E89C76E00B123FA /* PBXContainerItemProxy */;
		};
		60F7A21A1E89D0B200B123FA /* PBXTargetDependency */ = {
			isa = PBXTargetDependency;
			name = BridgeAppSDK;
			targetProxy = 60F7A2191E89D0B200B123FA /* PBXContainerItemProxy */;
		};
		FFA0E4551FD117A400C36AE7 /* PBXTargetDependency */ = {
			isa = PBXTargetDependency;
			name = "ResearchSuiteUI (iOS)";
			targetProxy = FFA0E4541FD117A400C36AE7 /* PBXContainerItemProxy */;
		};
		FFA0E4591FD117B900C36AE7 /* PBXTargetDependency */ = {
			isa = PBXTargetDependency;
			name = "ResearchSuite (iOS)";
			targetProxy = FFA0E4581FD117B900C36AE7 /* PBXContainerItemProxy */;
		};
/* End PBXTargetDependency section */

/* Begin PBXVariantGroup section */
		60F7A13B1E89C76E00B123FA /* LaunchScreen.storyboard */ = {
			isa = PBXVariantGroup;
			children = (
				60F7A13C1E89C76E00B123FA /* Base */,
			);
			name = LaunchScreen.storyboard;
			sourceTree = "<group>";
		};
		FF4712131FCF95D40052E5E3 /* Main.storyboard */ = {
			isa = PBXVariantGroup;
			children = (
				FF4712141FCF95D40052E5E3 /* Base */,
			);
			name = Main.storyboard;
			sourceTree = "<group>";
		};
		FF4712181FCF95D40052E5E3 /* LaunchScreen.storyboard */ = {
			isa = PBXVariantGroup;
			children = (
				FF4712191FCF95D40052E5E3 /* Base */,
			);
			name = LaunchScreen.storyboard;
			sourceTree = "<group>";
		};
/* End PBXVariantGroup section */

/* Begin XCBuildConfiguration section */
		60F7A1551E89C76E00B123FA /* Debug */ = {
			isa = XCBuildConfiguration;
			buildSettings = {
				ALWAYS_SEARCH_USER_PATHS = NO;
				CLANG_ANALYZER_NONNULL = YES;
				CLANG_CXX_LANGUAGE_STANDARD = "gnu++0x";
				CLANG_CXX_LIBRARY = "libc++";
				CLANG_ENABLE_MODULES = YES;
				CLANG_ENABLE_OBJC_ARC = YES;
				CLANG_WARN_BOOL_CONVERSION = YES;
				CLANG_WARN_CONSTANT_CONVERSION = YES;
				CLANG_WARN_DIRECT_OBJC_ISA_USAGE = YES_ERROR;
				CLANG_WARN_DOCUMENTATION_COMMENTS = YES;
				CLANG_WARN_EMPTY_BODY = YES;
				CLANG_WARN_ENUM_CONVERSION = YES;
				CLANG_WARN_INFINITE_RECURSION = YES;
				CLANG_WARN_INT_CONVERSION = YES;
				CLANG_WARN_OBJC_ROOT_CLASS = YES_ERROR;
				CLANG_WARN_SUSPICIOUS_MOVE = YES;
				CLANG_WARN_UNREACHABLE_CODE = YES;
				CLANG_WARN__DUPLICATE_METHOD_MATCH = YES;
				"CODE_SIGN_IDENTITY[sdk=iphoneos*]" = "iPhone Developer";
				COPY_PHASE_STRIP = NO;
				DEBUG_INFORMATION_FORMAT = dwarf;
				ENABLE_STRICT_OBJC_MSGSEND = YES;
				ENABLE_TESTABILITY = YES;
				GCC_C_LANGUAGE_STANDARD = gnu99;
				GCC_DYNAMIC_NO_PIC = NO;
				GCC_NO_COMMON_BLOCKS = YES;
				GCC_OPTIMIZATION_LEVEL = 0;
				GCC_PREPROCESSOR_DEFINITIONS = (
					"DEBUG=1",
					"$(inherited)",
				);
				GCC_WARN_64_TO_32_BIT_CONVERSION = YES;
				GCC_WARN_ABOUT_RETURN_TYPE = YES_ERROR;
				GCC_WARN_UNDECLARED_SELECTOR = YES;
				GCC_WARN_UNINITIALIZED_AUTOS = YES_AGGRESSIVE;
				GCC_WARN_UNUSED_FUNCTION = YES;
				GCC_WARN_UNUSED_VARIABLE = YES;
				MTL_ENABLE_DEBUG_INFO = YES;
				ONLY_ACTIVE_ARCH = YES;
				SDKROOT = iphoneos;
				SWIFT_ACTIVE_COMPILATION_CONDITIONS = DEBUG;
				SWIFT_OPTIMIZATION_LEVEL = "-Onone";
			};
			name = Debug;
		};
		60F7A1561E89C76E00B123FA /* Release */ = {
			isa = XCBuildConfiguration;
			buildSettings = {
				ALWAYS_SEARCH_USER_PATHS = NO;
				CLANG_ANALYZER_NONNULL = YES;
				CLANG_CXX_LANGUAGE_STANDARD = "gnu++0x";
				CLANG_CXX_LIBRARY = "libc++";
				CLANG_ENABLE_MODULES = YES;
				CLANG_ENABLE_OBJC_ARC = YES;
				CLANG_WARN_BOOL_CONVERSION = YES;
				CLANG_WARN_CONSTANT_CONVERSION = YES;
				CLANG_WARN_DIRECT_OBJC_ISA_USAGE = YES_ERROR;
				CLANG_WARN_DOCUMENTATION_COMMENTS = YES;
				CLANG_WARN_EMPTY_BODY = YES;
				CLANG_WARN_ENUM_CONVERSION = YES;
				CLANG_WARN_INFINITE_RECURSION = YES;
				CLANG_WARN_INT_CONVERSION = YES;
				CLANG_WARN_OBJC_ROOT_CLASS = YES_ERROR;
				CLANG_WARN_SUSPICIOUS_MOVE = YES;
				CLANG_WARN_UNREACHABLE_CODE = YES;
				CLANG_WARN__DUPLICATE_METHOD_MATCH = YES;
				"CODE_SIGN_IDENTITY[sdk=iphoneos*]" = "iPhone Developer";
				COPY_PHASE_STRIP = NO;
				DEBUG_INFORMATION_FORMAT = "dwarf-with-dsym";
				ENABLE_NS_ASSERTIONS = NO;
				ENABLE_STRICT_OBJC_MSGSEND = YES;
				GCC_C_LANGUAGE_STANDARD = gnu99;
				GCC_NO_COMMON_BLOCKS = YES;
				GCC_WARN_64_TO_32_BIT_CONVERSION = YES;
				GCC_WARN_ABOUT_RETURN_TYPE = YES_ERROR;
				GCC_WARN_UNDECLARED_SELECTOR = YES;
				GCC_WARN_UNINITIALIZED_AUTOS = YES_AGGRESSIVE;
				GCC_WARN_UNUSED_FUNCTION = YES;
				GCC_WARN_UNUSED_VARIABLE = YES;
				MTL_ENABLE_DEBUG_INFO = NO;
				SDKROOT = iphoneos;
				SWIFT_OPTIMIZATION_LEVEL = "-Owholemodule";
				VALIDATE_PRODUCT = YES;
			};
			name = Release;
		};
		60F7A1581E89C76E00B123FA /* Debug */ = {
			isa = XCBuildConfiguration;
			buildSettings = {
				ALWAYS_EMBED_SWIFT_STANDARD_LIBRARIES = YES;
				ASSETCATALOG_COMPILER_APPICON_NAME = AppIcon;
				CLANG_ENABLE_MODULES = YES;
				CODE_SIGN_ENTITLEMENTS = CRFModuleValidation.entitlements;
				"CODE_SIGN_IDENTITY[sdk=iphoneos*]" = "iPhone Developer";
				CURRENT_PROJECT_VERSION = 38;
				DEVELOPMENT_TEAM = 4B822CZK9N;
				FRAMEWORK_SEARCH_PATHS = (
					"$(inherited)",
					"$(PROJECT_DIR)/CRFModuleValidation",
					"$(PROJECT_DIR)/CRFModuleValidation/JourneyPRO",
				);
				INFOPLIST_FILE = CRFModuleValidation/Info.plist;
				IPHONEOS_DEPLOYMENT_TARGET = 11.0;
				LD_RUNPATH_SEARCH_PATHS = "$(inherited) @executable_path/Frameworks";
				PRODUCT_BUNDLE_IDENTIFIER = org.sagebase.enterprise.CRF;
				PRODUCT_NAME = "$(TARGET_NAME)";
				PROVISIONING_PROFILE = "5b9f681b-8cdc-4497-bdb1-57b04c20e23e";
				PROVISIONING_PROFILE_SPECIFIER = "match Development org.sagebase.enterprise.CRF";
				SWIFT_OBJC_BRIDGING_HEADER = "CRFModuleValidation/CRFModuleValidation-Bridging-Header.h";
				SWIFT_OPTIMIZATION_LEVEL = "-Onone";
				SWIFT_SWIFT3_OBJC_INFERENCE = Default;
				SWIFT_VERSION = 4.0;
				VERSIONING_SYSTEM = "apple-generic";
			};
			name = Debug;
		};
		60F7A1591E89C76E00B123FA /* Release */ = {
			isa = XCBuildConfiguration;
			buildSettings = {
				ALWAYS_EMBED_SWIFT_STANDARD_LIBRARIES = YES;
				ASSETCATALOG_COMPILER_APPICON_NAME = AppIcon;
				CLANG_ENABLE_MODULES = YES;
				CODE_SIGN_ENTITLEMENTS = CRFModuleValidation.entitlements;
				"CODE_SIGN_IDENTITY[sdk=iphoneos*]" = "iPhone Distribution";
				CURRENT_PROJECT_VERSION = 38;
				DEVELOPMENT_TEAM = 4B822CZK9N;
				FRAMEWORK_SEARCH_PATHS = (
					"$(inherited)",
					"$(PROJECT_DIR)/CRFModuleValidation",
					"$(PROJECT_DIR)/CRFModuleValidation/JourneyPRO",
				);
				INFOPLIST_FILE = CRFModuleValidation/Info.plist;
				IPHONEOS_DEPLOYMENT_TARGET = 11.0;
				LD_RUNPATH_SEARCH_PATHS = "$(inherited) @executable_path/Frameworks";
				PRODUCT_BUNDLE_IDENTIFIER = org.sagebase.enterprise.CRF;
				PRODUCT_NAME = "$(TARGET_NAME)";
				PROVISIONING_PROFILE = "fd5abaae-2a77-4cd5-9d06-75d827f6ef48";
				PROVISIONING_PROFILE_SPECIFIER = "match Distribution org.sagebase.enterprise.CRF";
				SWIFT_OBJC_BRIDGING_HEADER = "CRFModuleValidation/CRFModuleValidation-Bridging-Header.h";
				SWIFT_SWIFT3_OBJC_INFERENCE = Default;
				SWIFT_VERSION = 4.0;
				VERSIONING_SYSTEM = "apple-generic";
			};
			name = Release;
		};
		60F7A15B1E89C76E00B123FA /* Debug */ = {
			isa = XCBuildConfiguration;
			buildSettings = {
				ALWAYS_EMBED_SWIFT_STANDARD_LIBRARIES = YES;
				BUNDLE_LOADER = "$(TEST_HOST)";
				DEVELOPMENT_TEAM = KA9Z8R6M6K;
				FRAMEWORK_SEARCH_PATHS = (
					"$(inherited)",
					"$(PROJECT_DIR)/CRFModuleValidation",
				);
				INFOPLIST_FILE = CRFModuleValidationTests/Info.plist;
				LD_RUNPATH_SEARCH_PATHS = "$(inherited) @executable_path/Frameworks @loader_path/Frameworks";
				PRODUCT_BUNDLE_IDENTIFIER = org.sagebase.CRFModuleValidationTests;
				PRODUCT_NAME = "$(TARGET_NAME)";
				PROVISIONING_PROFILE_SPECIFIER = "";
				SWIFT_OBJC_BRIDGING_HEADER = "CRFModuleValidationTests/Bridging-Header.h";
				SWIFT_SWIFT3_OBJC_INFERENCE = On;
				SWIFT_VERSION = 4.0;
				TEST_HOST = "$(BUILT_PRODUCTS_DIR)/CRFModuleValidation.app/CRFModuleValidation";
			};
			name = Debug;
		};
		60F7A15C1E89C76E00B123FA /* Release */ = {
			isa = XCBuildConfiguration;
			buildSettings = {
				ALWAYS_EMBED_SWIFT_STANDARD_LIBRARIES = YES;
				BUNDLE_LOADER = "$(TEST_HOST)";
				"CODE_SIGN_IDENTITY[sdk=iphoneos*]" = "iPhone Developer";
				DEVELOPMENT_TEAM = KA9Z8R6M6K;
				FRAMEWORK_SEARCH_PATHS = (
					"$(inherited)",
					"$(PROJECT_DIR)/CRFModuleValidation",
				);
				INFOPLIST_FILE = CRFModuleValidationTests/Info.plist;
				LD_RUNPATH_SEARCH_PATHS = "$(inherited) @executable_path/Frameworks @loader_path/Frameworks";
				PRODUCT_BUNDLE_IDENTIFIER = org.sagebase.CRFModuleValidationTests;
				PRODUCT_NAME = "$(TARGET_NAME)";
				PROVISIONING_PROFILE_SPECIFIER = "";
				SWIFT_OBJC_BRIDGING_HEADER = "CRFModuleValidationTests/Bridging-Header.h";
				SWIFT_SWIFT3_OBJC_INFERENCE = On;
				SWIFT_VERSION = 4.0;
				TEST_HOST = "$(BUILT_PRODUCTS_DIR)/CRFModuleValidation.app/CRFModuleValidation";
			};
			name = Release;
		};
/* End XCBuildConfiguration section */

/* Begin XCConfigurationList section */
		60F7A12A1E89C76E00B123FA /* Build configuration list for PBXProject "CRFModuleValidation" */ = {
			isa = XCConfigurationList;
			buildConfigurations = (
				60F7A1551E89C76E00B123FA /* Debug */,
				60F7A1561E89C76E00B123FA /* Release */,
			);
			defaultConfigurationIsVisible = 0;
			defaultConfigurationName = Release;
		};
		60F7A1571E89C76E00B123FA /* Build configuration list for PBXNativeTarget "CRFModuleValidation" */ = {
			isa = XCConfigurationList;
			buildConfigurations = (
				60F7A1581E89C76E00B123FA /* Debug */,
				60F7A1591E89C76E00B123FA /* Release */,
			);
			defaultConfigurationIsVisible = 0;
			defaultConfigurationName = Release;
		};
		60F7A15A1E89C76E00B123FA /* Build configuration list for PBXNativeTarget "CRFModuleValidationTests" */ = {
			isa = XCConfigurationList;
			buildConfigurations = (
				60F7A15B1E89C76E00B123FA /* Debug */,
				60F7A15C1E89C76E00B123FA /* Release */,
			);
			defaultConfigurationIsVisible = 0;
			defaultConfigurationName = Release;
		};
/* End XCConfigurationList section */
	};
	rootObject = 60F7A1271E89C76E00B123FA /* Project object */;
}
